PODS:
  - blurhash (0.1.2):
    - Flutter
  - Flutter (1.0.0)

DEPENDENCIES:
  - blurhash (from `.symlinks/plugins/blurhash/ios`)
  - Flutter (from `Flutter`)

EXTERNAL SOURCES:
  blurhash:
    :path: ".symlinks/plugins/blurhash/ios"
  Flutter:
    :path: Flutter

SPEC CHECKSUMS:
  blurhash: 84acbeea8839e88055fcb99b320c5ebf5f27ae3b
  Flutter: 0e3d915762c693b495b44d77113d4970485de6ec

PODFILE CHECKSUM: c34e2287a9ccaa606aeceab922830efb9a6ff69a

COCOAPODS: 1.8.4
