PODS:
  - blurhash (0.1.2):
    - Flutter
  - Flutter (1.0.0)

DEPENDENCIES:
  - blurhash (from `.symlinks/plugins/blurhash/ios`)
  - Flutter (from `Flutter`)

EXTERNAL SOURCES:
  blurhash:
    :path: ".symlinks/plugins/blurhash/ios"
  Flutter:
    :path: Flutter

SPEC CHECKSUMS:
  blurhash: 84acbeea8839e88055fcb99b320c5ebf5f27ae3b
  Flutter: 434fef37c0980e73bb6479ef766c45957d4b510c

PODFILE CHECKSUM: aafe91acc616949ddb318b77800a7f51bffa2a4c

COCOAPODS: 1.8.4
